# THIS IS AN AUTOGENERATED FILE. DO NOT EDIT THIS FILE DIRECTLY.
# yarn lockfile v1


"@essex/visual-styling@^1.0.0":
  version "1.0.0"
  resolved "https://registry.yarnpkg.com/@essex/visual-styling/-/visual-styling-1.0.0.tgz#5858c0e1dba278f07dbcf5b9a6f43849b8024d2d"
  dependencies:
    font-awesome "^4.6.1"

debug@^2.2.0:
  version "2.4.5"
  resolved "https://registry.yarnpkg.com/debug/-/debug-2.4.5.tgz#34c7b12a1ca96674428f41fe92c49b4ce7cd0607"
  dependencies:
    ms "0.7.2"

font-awesome@^4.6.1:
  version "4.7.0"
  resolved "https://registry.yarnpkg.com/font-awesome/-/font-awesome-4.7.0.tgz#8fa8cf0411a1a31afd07b06d2902bb9fc815a133"

jsen@^0.6.1:
  version "0.6.6"
  resolved "https://registry.yarnpkg.com/jsen/-/jsen-0.6.6.tgz#0240c18cf11350ac021456f48a7eb13bd67e0420"

lodash.assignin@^4.2.0:
  version "4.2.0"
  resolved "https://registry.yarnpkg.com/lodash.assignin/-/lodash.assignin-4.2.0.tgz#ba8df5fb841eb0a3e8044232b0e263a8dc6a28a2"

lodash.get@^4.4.2:
  version "4.4.2"
  resolved "https://registry.yarnpkg.com/lodash.get/-/lodash.get-4.4.2.tgz#2d177f652fa31e939b4438d5341499dfa3825e99"

lodash.merge@^4.6.0:
  version "4.6.0"
  resolved "https://registry.yarnpkg.com/lodash.merge/-/lodash.merge-4.6.0.tgz#69884ba144ac33fe699737a6086deffadd0f89c5"

lodash@3.6.0:
  version "3.6.0"
  resolved "https://registry.yarnpkg.com/lodash/-/lodash-3.6.0.tgz#5266a8f49dd989be4f9f681b6f2a0c55285d0d9a"

ms@0.7.2:
  version "0.7.2"
  resolved "https://registry.yarnpkg.com/ms/-/ms-0.7.2.tgz#ae25cf2512b3885a1d95d7f037868d8431124765"

powerbi-models@^0.11.3:
  version "0.11.3"
  resolved "https://registry.yarnpkg.com/powerbi-models/-/powerbi-models-0.11.3.tgz#7a0c6d297f0863ebc8c7ccfa3f5fea5e3488e316"
  dependencies:
    jsen "^0.6.1"
