{
	"requires": true,
	"lockfileVersion": 1,
	"dependencies": {
		"font-awesome": {
			"version": "4.7.0",
			"resolved": "https://registry.npmjs.org/font-awesome/-/font-awesome-4.7.0.tgz",
			"integrity": "sha1-j6jPBBGhoxr9B7BtKQK7n8gVoTM="
		},
		"jquery": {
			"version": "2.2.4",
			"resolved": "https://registry.npmjs.org/jquery/-/jquery-2.2.4.tgz",
			"integrity": "sha1-LInWiJterFIqfuoywUUhVZxsvwI="
		},
		"lodash": {
			"version": "4.17.4",
			"resolved": "https://registry.npmjs.org/lodash/-/lodash-4.17.4.tgz",
			"integrity": "sha1-eCA6TRwyiuHYbcpkYONptX9AVa4="
		}
	}
}
