# THIS IS AN AUTOGENERATED FILE. DO NOT EDIT THIS FILE DIRECTLY.
# yarn lockfile v1


cldrjs@^0.4.6:
  version "0.4.8"
  resolved "https://registry.yarnpkg.com/cldrjs/-/cldrjs-0.4.8.tgz#3b994c464d2a32b5aca7c5de17a60a87e45dc4f9"

d3@3.5.5:
  version "3.5.5"
  resolved "https://registry.yarnpkg.com/d3/-/d3-3.5.5.tgz#be1aba6a84fb6653283b3ebebb7f570e3bda187e"

expose-loader@^0.7.3:
  version "0.7.3"
  resolved "https://registry.yarnpkg.com/expose-loader/-/expose-loader-0.7.3.tgz#35fbd3659789e4faa81f59de8b7e9fc39e466d51"

globalize@0.1.0-a2:
  version "0.1.0-a2"
  resolved "https://registry.yarnpkg.com/globalize/-/globalize-0.1.0a2.tgz#7f28b382ebefd9ba0cb3d803635fbba64a87f294"

globalize@^1.3.0:
  version "1.3.0"
  resolved "https://registry.yarnpkg.com/globalize/-/globalize-1.3.0.tgz#c56524b8acfd2ce38d0c97ddfdceb38f644b3392"
  dependencies:
    cldrjs "^0.4.6"

powerbi-visuals-utils-dataviewutils@1.2.0, powerbi-visuals-utils-dataviewutils@^1.2.0:
  version "1.2.0"
  resolved "https://registry.yarnpkg.com/powerbi-visuals-utils-dataviewutils/-/powerbi-visuals-utils-dataviewutils-1.2.0.tgz#59a1c983355c958a23d9901894f65f1575193213"

powerbi-visuals-utils-formattingutils@^3.0.0:
  version "3.0.0"
  resolved "https://registry.yarnpkg.com/powerbi-visuals-utils-formattingutils/-/powerbi-visuals-utils-formattingutils-3.0.0.tgz#82c9c3cce3136caa3723ec9f4185ac1021ce58cb"
  dependencies:
    globalize "0.1.0-a2"
    powerbi-visuals-utils-dataviewutils "1.2.0"
    powerbi-visuals-utils-typeutils "1.1.0"

powerbi-visuals-utils-svgutils@^1.1.0:
  version "1.1.0"
  resolved "https://registry.yarnpkg.com/powerbi-visuals-utils-svgutils/-/powerbi-visuals-utils-svgutils-1.1.0.tgz#8ba22c6ef5662a402709b477753a4519342257e7"
  dependencies:
    d3 "3.5.5"
    powerbi-visuals-utils-typeutils "1.1.0"

powerbi-visuals-utils-typeutils@1.1.0, powerbi-visuals-utils-typeutils@^1.1.0:
  version "1.1.0"
  resolved "https://registry.yarnpkg.com/powerbi-visuals-utils-typeutils/-/powerbi-visuals-utils-typeutils-1.1.0.tgz#347942e581873700da55efff5136a693a76df9b2"

raw-loader@~0.5.1:
  version "0.5.1"
  resolved "https://registry.yarnpkg.com/raw-loader/-/raw-loader-0.5.1.tgz#0c3d0beaed8a01c966d9787bf778281252a979aa"

script-loader@^0.7.0:
  version "0.7.0"
  resolved "https://registry.yarnpkg.com/script-loader/-/script-loader-0.7.0.tgz#685dc7e7069e0dee7a92674f0ebc5b0f55baa5ec"
  dependencies:
    raw-loader "~0.5.1"
